
Microsoft Visual Studio Solution File, Format Version 12.00
# Visual Studio Version 16
VisualStudioVersion = 16.0.29609.76
MinimumVisualStudioVersion = 10.0.40219.1
Project("{888888A0-9F3D-457C-B088-3A5042F75D52}") = "python-bol-api", "python-bol-api.pyproj", "{FBE70A84-6AE5-4853-B8D6-B14743C25089}"
EndProject
Global
	GlobalSection(SolutionConfigurationPlatforms) = preSolution
		Debug|Any CPU = Debug|Any CPU
		Release|Any CPU = Release|Any CPU
	EndGlobalSection
	GlobalSection(ProjectConfigurationPlatforms) = postSolution
		{FBE70A84-6AE5-4853-B8D6-B14743C25089}.Debug|Any CPU.ActiveCfg = Debug|Any CPU
		{FBE70A84-6AE5-4853-B8D6-B14743C25089}.Release|Any CPU.ActiveCfg = Release|Any CPU
	EndGlobalSection
	GlobalSection(SolutionProperties) = preSolution
		HideSolutionNode = FALSE
	EndGlobalSection
	GlobalSection(ExtensibilityGlobals) = postSolution
		SolutionGuid = {57352B0E-0F7F-461E-87B9-3415051DB20E}
	EndGlobalSection
EndGlobal
